
Microsoft Visual Studio Solution File, Format Version 12.00
# Visual Studio 14
VisualStudioVersion = 14.0.25420.1
MinimumVisualStudioVersion = 10.0.40219.1
Project("{54435603-DBB4-11D2-8724-00A0C9A8B90C}") = "MRT2 PAPIS Programs", "MRT2 PAPIS Programs\MRT2 PAPIS Programs.vdproj", "{5C852B13-FC25-44F9-8D12-B049D62AC800}"
EndProject
Global
	GlobalSection(SolutionConfigurationPlatforms) = preSolution
		Debug|Default = Debug|Default
		Release|Default = Release|Default
	EndGlobalSection
	GlobalSection(ProjectConfigurationPlatforms) = postSolution
		{5C852B13-FC25-44F9-8D12-B049D62AC800}.Debug|Default.ActiveCfg = Debug
		{5C852B13-FC25-44F9-8D12-B049D62AC800}.Debug|Default.Build.0 = Debug
		{5C852B13-FC25-44F9-8D12-B049D62AC800}.Release|Default.ActiveCfg = Release
		{5C852B13-FC25-44F9-8D12-B049D62AC800}.Release|Default.Build.0 = Release
	EndGlobalSection
	GlobalSection(SolutionProperties) = preSolution
		HideSolutionNode = FALSE
	EndGlobalSection
EndGlobal
